
Microsoft Visual Studio Solution File, Format Version 12.00
# Visual Studio Version 17
VisualStudioVersion = 17.2.32630.192
MinimumVisualStudioVersion = 10.0.40219.1
Project("{FAE04EC0-301F-11D3-BF4B-00C04F79EFBC}") = "Portfel.App", "Portfel.App\Portfel.App.csproj", "{7F8FCD3C-D4E0-432F-A3C6-718C979B49E0}"
EndProject
Project("{FAE04EC0-301F-11D3-BF4B-00C04F79EFBC}") = "Portfel.Intranet", "Portfel.Intranet\Portfel.Intranet.csproj", "{6CA02A29-397F-4EB1-A36A-A69C9ADDE131}"
EndProject
Project("{FAE04EC0-301F-11D3-BF4B-00C04F79EFBC}") = "Portfel.Data", "Portfel.Data\Portfel.Data.csproj", "{9930895D-EC94-4C76-8BA3-3713CDD7A9BA}"
EndProject
Global
	GlobalSection(SolutionConfigurationPlatforms) = preSolution
		Debug|Any CPU = Debug|Any CPU
		Release|Any CPU = Release|Any CPU
	EndGlobalSection
	GlobalSection(ProjectConfigurationPlatforms) = postSolution
		{7F8FCD3C-D4E0-432F-A3C6-718C979B49E0}.Debug|Any CPU.ActiveCfg = Debug|Any CPU
		{7F8FCD3C-D4E0-432F-A3C6-718C979B49E0}.Debug|Any CPU.Build.0 = Debug|Any CPU
		{7F8FCD3C-D4E0-432F-A3C6-718C979B49E0}.Release|Any CPU.ActiveCfg = Release|Any CPU
		{7F8FCD3C-D4E0-432F-A3C6-718C979B49E0}.Release|Any CPU.Build.0 = Release|Any CPU
		{6CA02A29-397F-4EB1-A36A-A69C9ADDE131}.Debug|Any CPU.ActiveCfg = Debug|Any CPU
		{6CA02A29-397F-4EB1-A36A-A69C9ADDE131}.Debug|Any CPU.Build.0 = Debug|Any CPU
		{6CA02A29-397F-4EB1-A36A-A69C9ADDE131}.Release|Any CPU.ActiveCfg = Release|Any CPU
		{6CA02A29-397F-4EB1-A36A-A69C9ADDE131}.Release|Any CPU.Build.0 = Release|Any CPU
		{9930895D-EC94-4C76-8BA3-3713CDD7A9BA}.Debug|Any CPU.ActiveCfg = Debug|Any CPU
		{9930895D-EC94-4C76-8BA3-3713CDD7A9BA}.Debug|Any CPU.Build.0 = Debug|Any CPU
		{9930895D-EC94-4C76-8BA3-3713CDD7A9BA}.Release|Any CPU.ActiveCfg = Release|Any CPU
		{9930895D-EC94-4C76-8BA3-3713CDD7A9BA}.Release|Any CPU.Build.0 = Release|Any CPU
	EndGlobalSection
	GlobalSection(SolutionProperties) = preSolution
		HideSolutionNode = FALSE
	EndGlobalSection
	GlobalSection(ExtensibilityGlobals) = postSolution
		SolutionGuid = {7B71FB1F-25D4-4962-A702-02727F6E3CC3}
	EndGlobalSection
EndGlobal
